
Microsoft Visual Studio Solution File, Format Version 12.00
Project("{FAE04EC0-301F-11D3-BF4B-00C04F79EFBC}") = "SimpleTextPreprocessor", "SimpleTextPreprocessor\SimpleTextPreprocessor.csproj", "{B413A5AE-ED9C-41E0-8BD3-A4A353044CC3}"
EndProject
Project("{FAE04EC0-301F-11D3-BF4B-00C04F79EFBC}") = "Tests", "Tests\Tests.csproj", "{394ECB9A-3695-4FF8-9BE1-C2709FFA2DF1}"
EndProject
Project("{FAE04EC0-301F-11D3-BF4B-00C04F79EFBC}") = "Sandbox", "Sandbox\Sandbox.csproj", "{F4DB3EE8-6534-411B-9C1C-79B35313B79C}"
EndProject
Global
	GlobalSection(SolutionConfigurationPlatforms) = preSolution
		Debug|Any CPU = Debug|Any CPU
		Release|Any CPU = Release|Any CPU
	EndGlobalSection
	GlobalSection(ProjectConfigurationPlatforms) = postSolution
		{B413A5AE-ED9C-41E0-8BD3-A4A353044CC3}.Debug|Any CPU.ActiveCfg = Debug|Any CPU
		{B413A5AE-ED9C-41E0-8BD3-A4A353044CC3}.Debug|Any CPU.Build.0 = Debug|Any CPU
		{B413A5AE-ED9C-41E0-8BD3-A4A353044CC3}.Release|Any CPU.ActiveCfg = Release|Any CPU
		{B413A5AE-ED9C-41E0-8BD3-A4A353044CC3}.Release|Any CPU.Build.0 = Release|Any CPU
		{394ECB9A-3695-4FF8-9BE1-C2709FFA2DF1}.Debug|Any CPU.ActiveCfg = Debug|Any CPU
		{394ECB9A-3695-4FF8-9BE1-C2709FFA2DF1}.Debug|Any CPU.Build.0 = Debug|Any CPU
		{394ECB9A-3695-4FF8-9BE1-C2709FFA2DF1}.Release|Any CPU.ActiveCfg = Release|Any CPU
		{394ECB9A-3695-4FF8-9BE1-C2709FFA2DF1}.Release|Any CPU.Build.0 = Release|Any CPU
		{F4DB3EE8-6534-411B-9C1C-79B35313B79C}.Debug|Any CPU.ActiveCfg = Debug|Any CPU
		{F4DB3EE8-6534-411B-9C1C-79B35313B79C}.Debug|Any CPU.Build.0 = Debug|Any CPU
		{F4DB3EE8-6534-411B-9C1C-79B35313B79C}.Release|Any CPU.ActiveCfg = Release|Any CPU
		{F4DB3EE8-6534-411B-9C1C-79B35313B79C}.Release|Any CPU.Build.0 = Release|Any CPU
	EndGlobalSection
EndGlobal
